<Solution>
  <Folder Name="/backend/" />
  <Folder Name="/backend/src/">
    <Project Path="backend/src/Api/Api.csproj" />
    <Project Path="backend/src/Domain/Domain.csproj" />
  </Folder>
  <Folder Name="/backend/tests/">
    <Project Path="backend/tests/BookingTests.csproj" />
  </Folder>
</Solution>
